
Microsoft Visual Studio Solution File, Format Version 12.00
# Visual Studio Version 17
VisualStudioVersion = 17.11.35208.52
MinimumVisualStudioVersion = 10.0.40219.1
Project("{FAE04EC0-301F-11D3-BF4B-00C04F79EFBC}") = "Practice-MVC", "Practice-MVC\Practice-MVC.csproj", "{7EE05F9B-3A2B-4E60-B39E-B551B40E850C}"
EndProject
Global
	GlobalSection(SolutionConfigurationPlatforms) = preSolution
		Debug|Any CPU = Debug|Any CPU
		Release|Any CPU = Release|Any CPU
	EndGlobalSection
	GlobalSection(ProjectConfigurationPlatforms) = postSolution
		{7EE05F9B-3A2B-4E60-B39E-B551B40E850C}.Debug|Any CPU.ActiveCfg = Debug|Any CPU
		{7EE05F9B-3A2B-4E60-B39E-B551B40E850C}.Debug|Any CPU.Build.0 = Debug|Any CPU
		{7EE05F9B-3A2B-4E60-B39E-B551B40E850C}.Release|Any CPU.ActiveCfg = Release|Any CPU
		{7EE05F9B-3A2B-4E60-B39E-B551B40E850C}.Release|Any CPU.Build.0 = Release|Any CPU
	EndGlobalSection
	GlobalSection(SolutionProperties) = preSolution
		HideSolutionNode = FALSE
	EndGlobalSection
	GlobalSection(ExtensibilityGlobals) = postSolution
		SolutionGuid = {E779BE12-EC61-4D4D-B0D3-7F8D1963ABD2}
	EndGlobalSection
EndGlobal
